PODS:
  - Bohr (3.0.0)
  - DynamicBlurView (2.0.2)
  - MiniPlengi (1.2.0)
  - PopupDialog (0.8.0):
    - DynamicBlurView (~> 2.0)
  - SnapKit (4.0.0)

DEPENDENCIES:
  - Bohr
  - MiniPlengi (= 1.2.0)
  - PopupDialog
  - SnapKit (~> 4.0.0)

SPEC REPOS:
  https://github.com/cocoapods/specs.git:
    - Bohr
    - DynamicBlurView
    - MiniPlengi
    - PopupDialog
    - SnapKit

SPEC CHECKSUMS:
  Bohr: 17b150766e54e1fb8ff417d85b830c7caafa8b4a
  DynamicBlurView: aa6db4defc6e537eb86fc5e58dd3991666178399
  MiniPlengi: 31fcd508843ec4ecf273d8e59445d98fb1bda739
  PopupDialog: 11347197b6ac3e0548ac445d40ce68d1d407e9a0
  SnapKit: a42d492c16e80209130a3379f73596c3454b7694

PODFILE CHECKSUM: 5b24e72cd82b24f475f8cd26f2db6ae577785f8f

COCOAPODS: 1.5.3
