PODS:
  - Bohr (3.0.0)
  - DynamicBlurView (2.0.2)
  - MiniPlengi (1.2.1)
  - PopupDialog (0.8.0):
    - DynamicBlurView (~> 2.0)
  - SnapKit (4.0.0)

DEPENDENCIES:
  - Bohr
  - MiniPlengi (= 1.2.1)
  - PopupDialog
  - SnapKit (~> 4.0.0)

SPEC REPOS:
  https://github.com/cocoapods/specs.git:
    - Bohr
    - DynamicBlurView
    - MiniPlengi
    - PopupDialog
    - SnapKit

SPEC CHECKSUMS:
  Bohr: 17b150766e54e1fb8ff417d85b830c7caafa8b4a
  DynamicBlurView: aa6db4defc6e537eb86fc5e58dd3991666178399
  MiniPlengi: 007da432958144da9d9ce390965d589cd4e2ece9
  PopupDialog: 11347197b6ac3e0548ac445d40ce68d1d407e9a0
  SnapKit: a42d492c16e80209130a3379f73596c3454b7694

PODFILE CHECKSUM: 491601579b194a446dbfa4a32060cb934d6c6d10

COCOAPODS: 1.5.3
