// !$*UTF8*$!
{
	archiveVersion = 1;
	classes = {
	};
	objectVersion = 51;
	objects = {

/* Begin PBXBuildFile section */
		3767905E2148B94800EBEEAE /* MainViewController+PlaceDelegate.swift in Sources */ = {isa = PBXBuildFile; fileRef = 3767905D2148B94800EBEEAE /* MainViewController+PlaceDelegate.swift */; };
		BA1AD6F421102C5900B99816 /* MainViewController.swift in Sources */ = {isa = PBXBuildFile; fileRef = BA1AD6F321102C5900B99816 /* MainViewController.swift */; };
		BA6DD7ED212B9C9000836204 /* MiniPlengi.framework in Frameworks */ = {isa = PBXBuildFile; fileRef = BA6DD7EC212B9C9000836204 /* MiniPlengi.framework */; };
		BAF50E942110058900320C88 /* AppDelegate.swift in Sources */ = {isa = PBXBuildFile; fileRef = BAF50E932110058900320C88 /* AppDelegate.swift */; };
		BAF50E962110058900320C88 /* ViewController.swift in Sources */ = {isa = PBXBuildFile; fileRef = BAF50E952110058900320C88 /* ViewController.swift */; };
		BAF50E992110058900320C88 /* Main.storyboard in Resources */ = {isa = PBXBuildFile; fileRef = BAF50E972110058900320C88 /* Main.storyboard */; };
		BAF50E9B2110058B00320C88 /* Assets.xcassets in Resources */ = {isa = PBXBuildFile; fileRef = BAF50E9A2110058B00320C88 /* Assets.xcassets */; };
		BAF50E9E2110058B00320C88 /* LaunchScreen.storyboard in Resources */ = {isa = PBXBuildFile; fileRef = BAF50E9C2110058B00320C88 /* LaunchScreen.storyboard */; };
		E736F3AA53EDAAEA7D934D63 /* Pods_loplat_SDK_Sample_for_Swift.framework in Frameworks */ = {isa = PBXBuildFile; fileRef = 68069CBB5E1E86F7C4910308 /* Pods_loplat_SDK_Sample_for_Swift.framework */; };
/* End PBXBuildFile section */

/* Begin PBXFileReference section */
		37055E9F21ED8584005674EA /* loplat SDK Sample for Swift.entitlements */ = {isa = PBXFileReference; lastKnownFileType = text.plist.entitlements; path = "loplat SDK Sample for Swift.entitlements"; sourceTree = "<group>"; };
		3767905D2148B94800EBEEAE /* MainViewController+PlaceDelegate.swift */ = {isa = PBXFileReference; lastKnownFileType = sourcecode.swift; path = "MainViewController+PlaceDelegate.swift"; sourceTree = "<group>"; };
		68069CBB5E1E86F7C4910308 /* Pods_loplat_SDK_Sample_for_Swift.framework */ = {isa = PBXFileReference; explicitFileType = wrapper.framework; includeInIndex = 0; path = Pods_loplat_SDK_Sample_for_Swift.framework; sourceTree = BUILT_PRODUCTS_DIR; };
		BA1AD6F321102C5900B99816 /* MainViewController.swift */ = {isa = PBXFileReference; lastKnownFileType = sourcecode.swift; path = MainViewController.swift; sourceTree = "<group>"; };
		BA6DD7EC212B9C9000836204 /* MiniPlengi.framework */ = {isa = PBXFileReference; lastKnownFileType = wrapper.framework; name = MiniPlengi.framework; path = ../../../Downloads/MiniPlengi.framework; sourceTree = "<group>"; };
		BAF50E902110058900320C88 /* loplat SDK Sample for Swift.app */ = {isa = PBXFileReference; explicitFileType = wrapper.application; includeInIndex = 0; path = "loplat SDK Sample for Swift.app"; sourceTree = BUILT_PRODUCTS_DIR; };
		BAF50E932110058900320C88 /* AppDelegate.swift */ = {isa = PBXFileReference; lastKnownFileType = sourcecode.swift; path = AppDelegate.swift; sourceTree = "<group>"; };
		BAF50E952110058900320C88 /* ViewController.swift */ = {isa = PBXFileReference; lastKnownFileType = sourcecode.swift; path = ViewController.swift; sourceTree = "<group>"; };
		BAF50E982110058900320C88 /* Base */ = {isa = PBXFileReference; lastKnownFileType = file.storyboard; name = Base; path = Base.lproj/Main.storyboard; sourceTree = "<group>"; };
		BAF50E9A2110058B00320C88 /* Assets.xcassets */ = {isa = PBXFileReference; lastKnownFileType = folder.assetcatalog; path = Assets.xcassets; sourceTree = "<group>"; };
		BAF50E9D2110058B00320C88 /* Base */ = {isa = PBXFileReference; lastKnownFileType = file.storyboard; name = Base; path = Base.lproj/LaunchScreen.storyboard; sourceTree = "<group>"; };
		BAF50E9F2110058B00320C88 /* Info.plist */ = {isa = PBXFileReference; lastKnownFileType = text.plist.xml; path = Info.plist; sourceTree = "<group>"; };
		C3F9794E4CD80B203D6C1E45 /* Pods-loplat SDK Sample for Swift.release.xcconfig */ = {isa = PBXFileReference; includeInIndex = 1; lastKnownFileType = text.xcconfig; name = "Pods-loplat SDK Sample for Swift.release.xcconfig"; path = "Pods/Target Support Files/Pods-loplat SDK Sample for Swift/Pods-loplat SDK Sample for Swift.release.xcconfig"; sourceTree = "<group>"; };
		F48CB3D2271257C7AD11E71F /* Pods-loplat SDK Sample for Swift.debug.xcconfig */ = {isa = PBXFileReference; includeInIndex = 1; lastKnownFileType = text.xcconfig; name = "Pods-loplat SDK Sample for Swift.debug.xcconfig"; path = "Pods/Target Support Files/Pods-loplat SDK Sample for Swift/Pods-loplat SDK Sample for Swift.debug.xcconfig"; sourceTree = "<group>"; };
/* End PBXFileReference section */

/* Begin PBXFrameworksBuildPhase section */
		BAF50E8D2110058900320C88 /* Frameworks */ = {
			isa = PBXFrameworksBuildPhase;
			buildActionMask = 2147483647;
			files = (
				E736F3AA53EDAAEA7D934D63 /* Pods_loplat_SDK_Sample_for_Swift.framework in Frameworks */,
				BA6DD7ED212B9C9000836204 /* MiniPlengi.framework in Frameworks */,
			);
			runOnlyForDeploymentPostprocessing = 0;
		};
/* End PBXFrameworksBuildPhase section */

/* Begin PBXGroup section */
		0507648CEDCF3B152DF23005 /* Frameworks */ = {
			isa = PBXGroup;
			children = (
				BA6DD7EC212B9C9000836204 /* MiniPlengi.framework */,
				68069CBB5E1E86F7C4910308 /* Pods_loplat_SDK_Sample_for_Swift.framework */,
			);
			name = Frameworks;
			sourceTree = "<group>";
		};
		7B7FEC64E701A257CB68AFB7 /* Pods */ = {
			isa = PBXGroup;
			children = (
				F48CB3D2271257C7AD11E71F /* Pods-loplat SDK Sample for Swift.debug.xcconfig */,
				C3F9794E4CD80B203D6C1E45 /* Pods-loplat SDK Sample for Swift.release.xcconfig */,
			);
			name = Pods;
			sourceTree = "<group>";
		};
		BAF50E872110058900320C88 = {
			isa = PBXGroup;
			children = (
				BAF50E922110058900320C88 /* loplat SDK Sample for Swift */,
				BAF50E912110058900320C88 /* Products */,
				7B7FEC64E701A257CB68AFB7 /* Pods */,
				0507648CEDCF3B152DF23005 /* Frameworks */,
			);
			sourceTree = "<group>";
		};
		BAF50E912110058900320C88 /* Products */ = {
			isa = PBXGroup;
			children = (
				BAF50E902110058900320C88 /* loplat SDK Sample for Swift.app */,
			);
			name = Products;
			sourceTree = "<group>";
		};
		BAF50E922110058900320C88 /* loplat SDK Sample for Swift */ = {
			isa = PBXGroup;
			children = (
				37055E9F21ED8584005674EA /* loplat SDK Sample for Swift.entitlements */,
				BAF50E932110058900320C88 /* AppDelegate.swift */,
				BAF50E952110058900320C88 /* ViewController.swift */,
				BAF50E972110058900320C88 /* Main.storyboard */,
				BAF50E9A2110058B00320C88 /* Assets.xcassets */,
				BAF50E9C2110058B00320C88 /* LaunchScreen.storyboard */,
				BAF50E9F2110058B00320C88 /* Info.plist */,
				BA1AD6F321102C5900B99816 /* MainViewController.swift */,
				3767905D2148B94800EBEEAE /* MainViewController+PlaceDelegate.swift */,
			);
			path = "loplat SDK Sample for Swift";
			sourceTree = "<group>";
		};
/* End PBXGroup section */

/* Begin PBXNativeTarget section */
		BAF50E8F2110058900320C88 /* loplat SDK Sample for Swift */ = {
			isa = PBXNativeTarget;
			buildConfigurationList = BAF50EA22110058B00320C88 /* Build configuration list for PBXNativeTarget "loplat SDK Sample for Swift" */;
			buildPhases = (
				C22C6E04FE3E3C0A1B001E6E /* [CP] Check Pods Manifest.lock */,
				BAF50E8C2110058900320C88 /* Sources */,
				BAF50E8D2110058900320C88 /* Frameworks */,
				BAF50E8E2110058900320C88 /* Resources */,
				523F291338F445DD3DF58C56 /* [CP] Embed Pods Frameworks */,
			);
			buildRules = (
			);
			dependencies = (
			);
			name = "loplat SDK Sample for Swift";
			productName = "loplat SDK Sample for Swift";
			productReference = BAF50E902110058900320C88 /* loplat SDK Sample for Swift.app */;
			productType = "com.apple.product-type.application";
		};
/* End PBXNativeTarget section */

/* Begin PBXProject section */
		BAF50E882110058900320C88 /* Project object */ = {
			isa = PBXProject;
			attributes = {
				LastSwiftUpdateCheck = 0940;
				LastUpgradeCheck = 0940;
				ORGANIZATIONNAME = loplat;
				TargetAttributes = {
					BAF50E8F2110058900320C88 = {
						CreatedOnToolsVersion = 9.4.1;
						LastSwiftMigration = 1000;
						SystemCapabilities = {
							com.apple.AccessWiFi = {
								enabled = 1;
							};
							com.apple.BackgroundModes = {
								enabled = 1;
							};
						};
					};
				};
			};
			buildConfigurationList = BAF50E8B2110058900320C88 /* Build configuration list for PBXProject "loplat SDK Sample for Swift" */;
			compatibilityVersion = "Xcode 10.0";
			developmentRegion = en;
			hasScannedForEncodings = 0;
			knownRegions = (
				en,
				Base,
			);
			mainGroup = BAF50E872110058900320C88;
			productRefGroup = BAF50E912110058900320C88 /* Products */;
			projectDirPath = "";
			projectRoot = "";
			targets = (
				BAF50E8F2110058900320C88 /* loplat SDK Sample for Swift */,
			);
		};
/* End PBXProject section */

/* Begin PBXResourcesBuildPhase section */
		BAF50E8E2110058900320C88 /* Resources */ = {
			isa = PBXResourcesBuildPhase;
			buildActionMask = 2147483647;
			files = (
				BAF50E9E2110058B00320C88 /* LaunchScreen.storyboard in Resources */,
				BAF50E9B2110058B00320C88 /* Assets.xcassets in Resources */,
				BAF50E992110058900320C88 /* Main.storyboard in Resources */,
			);
			runOnlyForDeploymentPostprocessing = 0;
		};
/* End PBXResourcesBuildPhase section */

/* Begin PBXShellScriptBuildPhase section */
		523F291338F445DD3DF58C56 /* [CP] Embed Pods Frameworks */ = {
			isa = PBXShellScriptBuildPhase;
			buildActionMask = 2147483647;
			files = (
			);
			inputPaths = (
				"${PODS_ROOT}/Target Support Files/Pods-loplat SDK Sample for Swift/Pods-loplat SDK Sample for Swift-frameworks.sh",
				"${BUILT_PRODUCTS_DIR}/Bohr/Bohr.framework",
				"${BUILT_PRODUCTS_DIR}/DynamicBlurView/DynamicBlurView.framework",
				"${PODS_ROOT}/MiniPlengi/MiniPlengi.framework",
				"${BUILT_PRODUCTS_DIR}/PopupDialog/PopupDialog.framework",
				"${BUILT_PRODUCTS_DIR}/SnapKit/SnapKit.framework",
			);
			name = "[CP] Embed Pods Frameworks";
			outputPaths = (
				"${TARGET_BUILD_DIR}/${FRAMEWORKS_FOLDER_PATH}/Bohr.framework",
				"${TARGET_BUILD_DIR}/${FRAMEWORKS_FOLDER_PATH}/DynamicBlurView.framework",
				"${TARGET_BUILD_DIR}/${FRAMEWORKS_FOLDER_PATH}/MiniPlengi.framework",
				"${TARGET_BUILD_DIR}/${FRAMEWORKS_FOLDER_PATH}/PopupDialog.framework",
				"${TARGET_BUILD_DIR}/${FRAMEWORKS_FOLDER_PATH}/SnapKit.framework",
			);
			runOnlyForDeploymentPostprocessing = 0;
			shellPath = /bin/sh;
			shellScript = "\"${PODS_ROOT}/Target Support Files/Pods-loplat SDK Sample for Swift/Pods-loplat SDK Sample for Swift-frameworks.sh\"\n";
			showEnvVarsInLog = 0;
		};
		C22C6E04FE3E3C0A1B001E6E /* [CP] Check Pods Manifest.lock */ = {
			isa = PBXShellScriptBuildPhase;
			buildActionMask = 2147483647;
			files = (
			);
			inputPaths = (
				"${PODS_PODFILE_DIR_PATH}/Podfile.lock",
				"${PODS_ROOT}/Manifest.lock",
			);
			name = "[CP] Check Pods Manifest.lock";
			outputPaths = (
				"$(DERIVED_FILE_DIR)/Pods-loplat SDK Sample for Swift-checkManifestLockResult.txt",
			);
			runOnlyForDeploymentPostprocessing = 0;
			shellPath = /bin/sh;
			shellScript = "diff \"${PODS_PODFILE_DIR_PATH}/Podfile.lock\" \"${PODS_ROOT}/Manifest.lock\" > /dev/null\nif [ $? != 0 ] ; then\n    # print error to STDERR\n    echo \"error: The sandbox is not in sync with the Podfile.lock. Run 'pod install' or update your CocoaPods installation.\" >&2\n    exit 1\nfi\n# This output is used by Xcode 'outputs' to avoid re-running this script phase.\necho \"SUCCESS\" > \"${SCRIPT_OUTPUT_FILE_0}\"\n";
			showEnvVarsInLog = 0;
		};
/* End PBXShellScriptBuildPhase section */

/* Begin PBXSourcesBuildPhase section */
		BAF50E8C2110058900320C88 /* Sources */ = {
			isa = PBXSourcesBuildPhase;
			buildActionMask = 2147483647;
			files = (
				3767905E2148B94800EBEEAE /* MainViewController+PlaceDelegate.swift in Sources */,
				BA1AD6F421102C5900B99816 /* MainViewController.swift in Sources */,
				BAF50E962110058900320C88 /* ViewController.swift in Sources */,
				BAF50E942110058900320C88 /* AppDelegate.swift in Sources */,
			);
			runOnlyForDeploymentPostprocessing = 0;
		};
/* End PBXSourcesBuildPhase section */

/* Begin PBXVariantGroup section */
		BAF50E972110058900320C88 /* Main.storyboard */ = {
			isa = PBXVariantGroup;
			children = (
				BAF50E982110058900320C88 /* Base */,
			);
			name = Main.storyboard;
			sourceTree = "<group>";
		};
		BAF50E9C2110058B00320C88 /* LaunchScreen.storyboard */ = {
			isa = PBXVariantGroup;
			children = (
				BAF50E9D2110058B00320C88 /* Base */,
			);
			name = LaunchScreen.storyboard;
			sourceTree = "<group>";
		};
/* End PBXVariantGroup section */

/* Begin XCBuildConfiguration section */
		BAF50EA02110058B00320C88 /* Debug */ = {
			isa = XCBuildConfiguration;
			buildSettings = {
				ALWAYS_SEARCH_USER_PATHS = NO;
				CLANG_ANALYZER_NONNULL = YES;
				CLANG_ANALYZER_NUMBER_OBJECT_CONVERSION = YES_AGGRESSIVE;
				CLANG_CXX_LANGUAGE_STANDARD = "gnu++14";
				CLANG_CXX_LIBRARY = "libc++";
				CLANG_ENABLE_MODULES = YES;
				CLANG_ENABLE_OBJC_ARC = YES;
				CLANG_ENABLE_OBJC_WEAK = YES;
				CLANG_WARN_BLOCK_CAPTURE_AUTORELEASING = YES;
				CLANG_WARN_BOOL_CONVERSION = YES;
				CLANG_WARN_COMMA = YES;
				CLANG_WARN_CONSTANT_CONVERSION = YES;
				CLANG_WARN_DEPRECATED_OBJC_IMPLEMENTATIONS = YES;
				CLANG_WARN_DIRECT_OBJC_ISA_USAGE = YES_ERROR;
				CLANG_WARN_DOCUMENTATION_COMMENTS = YES;
				CLANG_WARN_EMPTY_BODY = YES;
				CLANG_WARN_ENUM_CONVERSION = YES;
				CLANG_WARN_INFINITE_RECURSION = YES;
				CLANG_WARN_INT_CONVERSION = YES;
				CLANG_WARN_NON_LITERAL_NULL_CONVERSION = YES;
				CLANG_WARN_OBJC_IMPLICIT_RETAIN_SELF = YES;
				CLANG_WARN_OBJC_LITERAL_CONVERSION = YES;
				CLANG_WARN_OBJC_ROOT_CLASS = YES_ERROR;
				CLANG_WARN_RANGE_LOOP_ANALYSIS = YES;
				CLANG_WARN_STRICT_PROTOTYPES = YES;
				CLANG_WARN_SUSPICIOUS_MOVE = YES;
				CLANG_WARN_UNGUARDED_AVAILABILITY = YES_AGGRESSIVE;
				CLANG_WARN_UNREACHABLE_CODE = YES;
				CLANG_WARN__DUPLICATE_METHOD_MATCH = YES;
				CODE_SIGN_IDENTITY = "iPhone Developer";
				COPY_PHASE_STRIP = NO;
				DEBUG_INFORMATION_FORMAT = dwarf;
				ENABLE_STRICT_OBJC_MSGSEND = YES;
				ENABLE_TESTABILITY = YES;
				GCC_C_LANGUAGE_STANDARD = gnu11;
				GCC_DYNAMIC_NO_PIC = NO;
				GCC_NO_COMMON_BLOCKS = YES;
				GCC_OPTIMIZATION_LEVEL = 0;
				GCC_PREPROCESSOR_DEFINITIONS = (
					"DEBUG=1",
					"$(inherited)",
				);
				GCC_WARN_64_TO_32_BIT_CONVERSION = YES;
				GCC_WARN_ABOUT_RETURN_TYPE = YES_ERROR;
				GCC_WARN_UNDECLARED_SELECTOR = YES;
				GCC_WARN_UNINITIALIZED_AUTOS = YES_AGGRESSIVE;
				GCC_WARN_UNUSED_FUNCTION = YES;
				GCC_WARN_UNUSED_VARIABLE = YES;
				IPHONEOS_DEPLOYMENT_TARGET = 11.4;
				MTL_ENABLE_DEBUG_INFO = YES;
				ONLY_ACTIVE_ARCH = YES;
				SDKROOT = iphoneos;
				SWIFT_ACTIVE_COMPILATION_CONDITIONS = DEBUG;
				SWIFT_OPTIMIZATION_LEVEL = "-Onone";
			};
			name = Debug;
		};
		BAF50EA12110058B00320C88 /* Release */ = {
			isa = XCBuildConfiguration;
			buildSettings = {
				ALWAYS_SEARCH_USER_PATHS = NO;
				CLANG_ANALYZER_NONNULL = YES;
				CLANG_ANALYZER_NUMBER_OBJECT_CONVERSION = YES_AGGRESSIVE;
				CLANG_CXX_LANGUAGE_STANDARD = "gnu++14";
				CLANG_CXX_LIBRARY = "libc++";
				CLANG_ENABLE_MODULES = YES;
				CLANG_ENABLE_OBJC_ARC = YES;
				CLANG_ENABLE_OBJC_WEAK = YES;
				CLANG_WARN_BLOCK_CAPTURE_AUTORELEASING = YES;
				CLANG_WARN_BOOL_CONVERSION = YES;
				CLANG_WARN_COMMA = YES;
				CLANG_WARN_CONSTANT_CONVERSION = YES;
				CLANG_WARN_DEPRECATED_OBJC_IMPLEMENTATIONS = YES;
				CLANG_WARN_DIRECT_OBJC_ISA_USAGE = YES_ERROR;
				CLANG_WARN_DOCUMENTATION_COMMENTS = YES;
				CLANG_WARN_EMPTY_BODY = YES;
				CLANG_WARN_ENUM_CONVERSION = YES;
				CLANG_WARN_INFINITE_RECURSION = YES;
				CLANG_WARN_INT_CONVERSION = YES;
				CLANG_WARN_NON_LITERAL_NULL_CONVERSION = YES;
				CLANG_WARN_OBJC_IMPLICIT_RETAIN_SELF = YES;
				CLANG_WARN_OBJC_LITERAL_CONVERSION = YES;
				CLANG_WARN_OBJC_ROOT_CLASS = YES_ERROR;
				CLANG_WARN_RANGE_LOOP_ANALYSIS = YES;
				CLANG_WARN_STRICT_PROTOTYPES = YES;
				CLANG_WARN_SUSPICIOUS_MOVE = YES;
				CLANG_WARN_UNGUARDED_AVAILABILITY = YES_AGGRESSIVE;
				CLANG_WARN_UNREACHABLE_CODE = YES;
				CLANG_WARN__DUPLICATE_METHOD_MATCH = YES;
				CODE_SIGN_IDENTITY = "iPhone Developer";
				COPY_PHASE_STRIP = NO;
				DEBUG_INFORMATION_FORMAT = "dwarf-with-dsym";
				ENABLE_NS_ASSERTIONS = NO;
				ENABLE_STRICT_OBJC_MSGSEND = YES;
				GCC_C_LANGUAGE_STANDARD = gnu11;
				GCC_NO_COMMON_BLOCKS = YES;
				GCC_WARN_64_TO_32_BIT_CONVERSION = YES;
				GCC_WARN_ABOUT_RETURN_TYPE = YES_ERROR;
				GCC_WARN_UNDECLARED_SELECTOR = YES;
				GCC_WARN_UNINITIALIZED_AUTOS = YES_AGGRESSIVE;
				GCC_WARN_UNUSED_FUNCTION = YES;
				GCC_WARN_UNUSED_VARIABLE = YES;
				IPHONEOS_DEPLOYMENT_TARGET = 11.4;
				MTL_ENABLE_DEBUG_INFO = NO;
				SDKROOT = iphoneos;
				SWIFT_COMPILATION_MODE = wholemodule;
				SWIFT_OPTIMIZATION_LEVEL = "-O";
				VALIDATE_PRODUCT = YES;
			};
			name = Release;
		};
		BAF50EA32110058B00320C88 /* Debug */ = {
			isa = XCBuildConfiguration;
			baseConfigurationReference = F48CB3D2271257C7AD11E71F /* Pods-loplat SDK Sample for Swift.debug.xcconfig */;
			buildSettings = {
				ASSETCATALOG_COMPILER_APPICON_NAME = AppIcon;
				CODE_SIGN_ENTITLEMENTS = "loplat SDK Sample for Swift/loplat SDK Sample for Swift.entitlements";
				CODE_SIGN_STYLE = Automatic;
				DEVELOPMENT_TEAM = M8QW9959L5;
				INFOPLIST_FILE = "loplat SDK Sample for Swift/Info.plist";
				IPHONEOS_DEPLOYMENT_TARGET = 9.0;
				LD_RUNPATH_SEARCH_PATHS = (
					"$(inherited)",
					"@executable_path/Frameworks",
				);
				PRODUCT_BUNDLE_IDENTIFIER = com.loplat.ios.sdk.sample.app.swift;
				PRODUCT_NAME = "$(TARGET_NAME)";
				SWIFT_INCLUDE_PATHS = "$(PROJECT_DIR)/CommonCrypto/";
				SWIFT_VERSION = 4.2;
				TARGETED_DEVICE_FAMILY = "1,2";
			};
			name = Debug;
		};
		BAF50EA42110058B00320C88 /* Release */ = {
			isa = XCBuildConfiguration;
			baseConfigurationReference = C3F9794E4CD80B203D6C1E45 /* Pods-loplat SDK Sample for Swift.release.xcconfig */;
			buildSettings = {
				ASSETCATALOG_COMPILER_APPICON_NAME = AppIcon;
				CODE_SIGN_ENTITLEMENTS = "loplat SDK Sample for Swift/loplat SDK Sample for Swift.entitlements";
				CODE_SIGN_STYLE = Automatic;
				DEVELOPMENT_TEAM = M8QW9959L5;
				INFOPLIST_FILE = "loplat SDK Sample for Swift/Info.plist";
				IPHONEOS_DEPLOYMENT_TARGET = 9.0;
				LD_RUNPATH_SEARCH_PATHS = (
					"$(inherited)",
					"@executable_path/Frameworks",
				);
				PRODUCT_BUNDLE_IDENTIFIER = com.loplat.ios.sdk.sample.app.swift;
				PRODUCT_NAME = "$(TARGET_NAME)";
				SWIFT_INCLUDE_PATHS = "$(PROJECT_DIR)/CommonCrypto/";
				SWIFT_VERSION = 4.2;
				TARGETED_DEVICE_FAMILY = "1,2";
			};
			name = Release;
		};
/* End XCBuildConfiguration section */

/* Begin XCConfigurationList section */
		BAF50E8B2110058900320C88 /* Build configuration list for PBXProject "loplat SDK Sample for Swift" */ = {
			isa = XCConfigurationList;
			buildConfigurations = (
				BAF50EA02110058B00320C88 /* Debug */,
				BAF50EA12110058B00320C88 /* Release */,
			);
			defaultConfigurationIsVisible = 0;
			defaultConfigurationName = Release;
		};
		BAF50EA22110058B00320C88 /* Build configuration list for PBXNativeTarget "loplat SDK Sample for Swift" */ = {
			isa = XCConfigurationList;
			buildConfigurations = (
				BAF50EA32110058B00320C88 /* Debug */,
				BAF50EA42110058B00320C88 /* Release */,
			);
			defaultConfigurationIsVisible = 0;
			defaultConfigurationName = Release;
		};
/* End XCConfigurationList section */
	};
	rootObject = BAF50E882110058900320C88 /* Project object */;
}
