PODS:
  - Bohr (3.0.0)
  - DynamicBlurView (2.0.2)
  - MiniPlengi (1.2.5)
  - PopupDialog (0.8.1):
    - DynamicBlurView (~> 2.0)
  - SnapKit (4.0.1)

DEPENDENCIES:
  - Bohr
  - MiniPlengi (= 1.2.5)
  - PopupDialog
  - SnapKit (~> 4.0.0)

SPEC REPOS:
  https://github.com/cocoapods/specs.git:
    - Bohr
    - DynamicBlurView
    - MiniPlengi
    - PopupDialog
    - SnapKit

SPEC CHECKSUMS:
  Bohr: 17b150766e54e1fb8ff417d85b830c7caafa8b4a
  DynamicBlurView: aa6db4defc6e537eb86fc5e58dd3991666178399
  MiniPlengi: 23a76161413dc31fd6c4deb31264593387e18056
  PopupDialog: 3d4e8e0795c3a614f407d730986c9b9af9781123
  SnapKit: 0de968a9fec17499afa29683b05d0c775b6d1c29

PODFILE CHECKSUM: e30d519b3d94b71c33ad495cd68ed12e2f74b2f2

COCOAPODS: 1.5.3
