// !$*UTF8*$!
{
	archiveVersion = 1;
	classes = {
	};
	objectVersion = 46;
	objects = {

/* Begin PBXBuildFile section */
		7FA2AA331DD0888A00294D59 /* libLoplatSDK.a in Frameworks */ = {isa = PBXBuildFile; fileRef = 7FA2AA321DD0888A00294D59 /* libLoplatSDK.a */; };
		7FD905271CFF02A300C7ECBC /* Realm.framework in Frameworks */ = {isa = PBXBuildFile; fileRef = 7FD905251CFF028500C7ECBC /* Realm.framework */; };
		7FD905281CFF02A300C7ECBC /* Realm.framework in Embed Frameworks */ = {isa = PBXBuildFile; fileRef = 7FD905251CFF028500C7ECBC /* Realm.framework */; settings = {ATTRIBUTES = (CodeSignOnCopy, RemoveHeadersOnCopy, ); }; };
		DBF5D7551CF5BBFB003D5714 /* main.m in Sources */ = {isa = PBXBuildFile; fileRef = DBF5D7541CF5BBFB003D5714 /* main.m */; };
		DBF5D7581CF5BBFB003D5714 /* AppDelegate.m in Sources */ = {isa = PBXBuildFile; fileRef = DBF5D7571CF5BBFB003D5714 /* AppDelegate.m */; };
		DBF5D75B1CF5BBFB003D5714 /* ViewController.m in Sources */ = {isa = PBXBuildFile; fileRef = DBF5D75A1CF5BBFB003D5714 /* ViewController.m */; };
		DBF5D75E1CF5BBFB003D5714 /* Main.storyboard in Resources */ = {isa = PBXBuildFile; fileRef = DBF5D75C1CF5BBFB003D5714 /* Main.storyboard */; };
		DBF5D7601CF5BBFB003D5714 /* Assets.xcassets in Resources */ = {isa = PBXBuildFile; fileRef = DBF5D75F1CF5BBFB003D5714 /* Assets.xcassets */; };
		DBF5D7631CF5BBFB003D5714 /* LaunchScreen.storyboard in Resources */ = {isa = PBXBuildFile; fileRef = DBF5D7611CF5BBFB003D5714 /* LaunchScreen.storyboard */; };
		DBF5D76E1CF5BBFB003D5714 /* LoplatSampleAppTests.m in Sources */ = {isa = PBXBuildFile; fileRef = DBF5D76D1CF5BBFB003D5714 /* LoplatSampleAppTests.m */; };
		DBF5D7791CF5BBFB003D5714 /* LoplatSampleAppUITests.m in Sources */ = {isa = PBXBuildFile; fileRef = DBF5D7781CF5BBFB003D5714 /* LoplatSampleAppUITests.m */; };
/* End PBXBuildFile section */

/* Begin PBXContainerItemProxy section */
		DBF5D76A1CF5BBFB003D5714 /* PBXContainerItemProxy */ = {
			isa = PBXContainerItemProxy;
			containerPortal = DBF5D7481CF5BBFB003D5714 /* Project object */;
			proxyType = 1;
			remoteGlobalIDString = DBF5D74F1CF5BBFB003D5714;
			remoteInfo = LoplatSampleApp;
		};
		DBF5D7751CF5BBFB003D5714 /* PBXContainerItemProxy */ = {
			isa = PBXContainerItemProxy;
			containerPortal = DBF5D7481CF5BBFB003D5714 /* Project object */;
			proxyType = 1;
			remoteGlobalIDString = DBF5D74F1CF5BBFB003D5714;
			remoteInfo = LoplatSampleApp;
		};
/* End PBXContainerItemProxy section */

/* Begin PBXCopyFilesBuildPhase section */
		7FD904E51CFEF84B00C7ECBC /* Embed Frameworks */ = {
			isa = PBXCopyFilesBuildPhase;
			buildActionMask = 2147483647;
			dstPath = "";
			dstSubfolderSpec = 10;
			files = (
				7FD905281CFF02A300C7ECBC /* Realm.framework in Embed Frameworks */,
			);
			name = "Embed Frameworks";
			runOnlyForDeploymentPostprocessing = 0;
		};
/* End PBXCopyFilesBuildPhase section */

/* Begin PBXFileReference section */
		7FA2AA181DD07E7100294D59 /* BackgroundTaskManager.h */ = {isa = PBXFileReference; fileEncoding = 4; lastKnownFileType = sourcecode.c.h; path = BackgroundTaskManager.h; sourceTree = "<group>"; };
		7FA2AA191DD07E7100294D59 /* Location-Prefix.pch */ = {isa = PBXFileReference; fileEncoding = 4; lastKnownFileType = sourcecode.c.h; path = "Location-Prefix.pch"; sourceTree = "<group>"; };
		7FA2AA1A1DD07E7100294D59 /* LocationManager.h */ = {isa = PBXFileReference; fileEncoding = 4; lastKnownFileType = sourcecode.c.h; path = LocationManager.h; sourceTree = "<group>"; };
		7FA2AA1B1DD07E7100294D59 /* LocationShareModel.h */ = {isa = PBXFileReference; fileEncoding = 4; lastKnownFileType = sourcecode.c.h; path = LocationShareModel.h; sourceTree = "<group>"; };
		7FA2AA1C1DD07E7100294D59 /* LocationTracker.h */ = {isa = PBXFileReference; fileEncoding = 4; lastKnownFileType = sourcecode.c.h; path = LocationTracker.h; sourceTree = "<group>"; };
		7FA2AA1E1DD07E7100294D59 /* Place.h */ = {isa = PBXFileReference; fileEncoding = 4; lastKnownFileType = sourcecode.c.h; path = Place.h; sourceTree = "<group>"; };
		7FA2AA1F1DD07E7100294D59 /* Reachability.h */ = {isa = PBXFileReference; fileEncoding = 4; lastKnownFileType = sourcecode.c.h; path = Reachability.h; sourceTree = "<group>"; };
		7FA2AA201DD07E7100294D59 /* ScheduledLocationManager.h */ = {isa = PBXFileReference; fileEncoding = 4; lastKnownFileType = sourcecode.c.h; path = ScheduledLocationManager.h; sourceTree = "<group>"; };
		7FA2AA311DD0886B00294D59 /* Loplat.h */ = {isa = PBXFileReference; fileEncoding = 4; lastKnownFileType = sourcecode.c.h; path = Loplat.h; sourceTree = "<group>"; };
		7FA2AA321DD0888A00294D59 /* libLoplatSDK.a */ = {isa = PBXFileReference; lastKnownFileType = archive.ar; path = libLoplatSDK.a; sourceTree = "<group>"; };
		7FD905251CFF028500C7ECBC /* Realm.framework */ = {isa = PBXFileReference; lastKnownFileType = wrapper.framework; path = Realm.framework; sourceTree = "<group>"; };
		DBF5D7501CF5BBFB003D5714 /* LoplatSampleApp.app */ = {isa = PBXFileReference; explicitFileType = wrapper.application; includeInIndex = 0; path = LoplatSampleApp.app; sourceTree = BUILT_PRODUCTS_DIR; };
		DBF5D7541CF5BBFB003D5714 /* main.m */ = {isa = PBXFileReference; lastKnownFileType = sourcecode.c.objc; path = main.m; sourceTree = "<group>"; };
		DBF5D7561CF5BBFB003D5714 /* AppDelegate.h */ = {isa = PBXFileReference; lastKnownFileType = sourcecode.c.h; path = AppDelegate.h; sourceTree = "<group>"; };
		DBF5D7571CF5BBFB003D5714 /* AppDelegate.m */ = {isa = PBXFileReference; lastKnownFileType = sourcecode.c.objc; path = AppDelegate.m; sourceTree = "<group>"; };
		DBF5D7591CF5BBFB003D5714 /* ViewController.h */ = {isa = PBXFileReference; lastKnownFileType = sourcecode.c.h; path = ViewController.h; sourceTree = "<group>"; };
		DBF5D75A1CF5BBFB003D5714 /* ViewController.m */ = {isa = PBXFileReference; lastKnownFileType = sourcecode.c.objc; path = ViewController.m; sourceTree = "<group>"; };
		DBF5D75D1CF5BBFB003D5714 /* Base */ = {isa = PBXFileReference; lastKnownFileType = file.storyboard; name = Base; path = Base.lproj/Main.storyboard; sourceTree = "<group>"; };
		DBF5D75F1CF5BBFB003D5714 /* Assets.xcassets */ = {isa = PBXFileReference; lastKnownFileType = folder.assetcatalog; path = Assets.xcassets; sourceTree = "<group>"; };
		DBF5D7621CF5BBFB003D5714 /* Base */ = {isa = PBXFileReference; lastKnownFileType = file.storyboard; name = Base; path = Base.lproj/LaunchScreen.storyboard; sourceTree = "<group>"; };
		DBF5D7641CF5BBFB003D5714 /* Info.plist */ = {isa = PBXFileReference; lastKnownFileType = text.plist.xml; path = Info.plist; sourceTree = "<group>"; };
		DBF5D7691CF5BBFB003D5714 /* LoplatSampleAppTests.xctest */ = {isa = PBXFileReference; explicitFileType = wrapper.cfbundle; includeInIndex = 0; path = LoplatSampleAppTests.xctest; sourceTree = BUILT_PRODUCTS_DIR; };
		DBF5D76D1CF5BBFB003D5714 /* LoplatSampleAppTests.m */ = {isa = PBXFileReference; lastKnownFileType = sourcecode.c.objc; path = LoplatSampleAppTests.m; sourceTree = "<group>"; };
		DBF5D76F1CF5BBFB003D5714 /* Info.plist */ = {isa = PBXFileReference; lastKnownFileType = text.plist.xml; path = Info.plist; sourceTree = "<group>"; };
		DBF5D7741CF5BBFB003D5714 /* LoplatSampleAppUITests.xctest */ = {isa = PBXFileReference; explicitFileType = wrapper.cfbundle; includeInIndex = 0; path = LoplatSampleAppUITests.xctest; sourceTree = BUILT_PRODUCTS_DIR; };
		DBF5D7781CF5BBFB003D5714 /* LoplatSampleAppUITests.m */ = {isa = PBXFileReference; lastKnownFileType = sourcecode.c.objc; path = LoplatSampleAppUITests.m; sourceTree = "<group>"; };
		DBF5D77A1CF5BBFB003D5714 /* Info.plist */ = {isa = PBXFileReference; lastKnownFileType = text.plist.xml; path = Info.plist; sourceTree = "<group>"; };
/* End PBXFileReference section */

/* Begin PBXFrameworksBuildPhase section */
		DBF5D74D1CF5BBFB003D5714 /* Frameworks */ = {
			isa = PBXFrameworksBuildPhase;
			buildActionMask = 2147483647;
			files = (
				7FA2AA331DD0888A00294D59 /* libLoplatSDK.a in Frameworks */,
				7FD905271CFF02A300C7ECBC /* Realm.framework in Frameworks */,
			);
			runOnlyForDeploymentPostprocessing = 0;
		};
		DBF5D7661CF5BBFB003D5714 /* Frameworks */ = {
			isa = PBXFrameworksBuildPhase;
			buildActionMask = 2147483647;
			files = (
			);
			runOnlyForDeploymentPostprocessing = 0;
		};
		DBF5D7711CF5BBFB003D5714 /* Frameworks */ = {
			isa = PBXFrameworksBuildPhase;
			buildActionMask = 2147483647;
			files = (
			);
			runOnlyForDeploymentPostprocessing = 0;
		};
/* End PBXFrameworksBuildPhase section */

/* Begin PBXGroup section */
		7FA2AA171DD07E7100294D59 /* include */ = {
			isa = PBXGroup;
			children = (
				7FA2AA311DD0886B00294D59 /* Loplat.h */,
				7FA2AA181DD07E7100294D59 /* BackgroundTaskManager.h */,
				7FA2AA191DD07E7100294D59 /* Location-Prefix.pch */,
				7FA2AA1A1DD07E7100294D59 /* LocationManager.h */,
				7FA2AA1B1DD07E7100294D59 /* LocationShareModel.h */,
				7FA2AA1C1DD07E7100294D59 /* LocationTracker.h */,
				7FA2AA1E1DD07E7100294D59 /* Place.h */,
				7FA2AA1F1DD07E7100294D59 /* Reachability.h */,
				7FA2AA201DD07E7100294D59 /* ScheduledLocationManager.h */,
			);
			path = include;
			sourceTree = "<group>";
		};
		DBF5D7471CF5BBFB003D5714 = {
			isa = PBXGroup;
			children = (
				7FA2AA321DD0888A00294D59 /* libLoplatSDK.a */,
				7FA2AA171DD07E7100294D59 /* include */,
				7FD905251CFF028500C7ECBC /* Realm.framework */,
				DBF5D7521CF5BBFB003D5714 /* LoplatSampleApp */,
				DBF5D76C1CF5BBFB003D5714 /* LoplatSampleAppTests */,
				DBF5D7771CF5BBFB003D5714 /* LoplatSampleAppUITests */,
				DBF5D7511CF5BBFB003D5714 /* Products */,
			);
			sourceTree = "<group>";
		};
		DBF5D7511CF5BBFB003D5714 /* Products */ = {
			isa = PBXGroup;
			children = (
				DBF5D7501CF5BBFB003D5714 /* LoplatSampleApp.app */,
				DBF5D7691CF5BBFB003D5714 /* LoplatSampleAppTests.xctest */,
				DBF5D7741CF5BBFB003D5714 /* LoplatSampleAppUITests.xctest */,
			);
			name = Products;
			sourceTree = "<group>";
		};
		DBF5D7521CF5BBFB003D5714 /* LoplatSampleApp */ = {
			isa = PBXGroup;
			children = (
				DBF5D7561CF5BBFB003D5714 /* AppDelegate.h */,
				DBF5D7571CF5BBFB003D5714 /* AppDelegate.m */,
				DBF5D7591CF5BBFB003D5714 /* ViewController.h */,
				DBF5D75A1CF5BBFB003D5714 /* ViewController.m */,
				DBF5D75C1CF5BBFB003D5714 /* Main.storyboard */,
				DBF5D75F1CF5BBFB003D5714 /* Assets.xcassets */,
				DBF5D7611CF5BBFB003D5714 /* LaunchScreen.storyboard */,
				DBF5D7641CF5BBFB003D5714 /* Info.plist */,
				DBF5D7531CF5BBFB003D5714 /* Supporting Files */,
			);
			path = LoplatSampleApp;
			sourceTree = "<group>";
		};
		DBF5D7531CF5BBFB003D5714 /* Supporting Files */ = {
			isa = PBXGroup;
			children = (
				DBF5D7541CF5BBFB003D5714 /* main.m */,
			);
			name = "Supporting Files";
			sourceTree = "<group>";
		};
		DBF5D76C1CF5BBFB003D5714 /* LoplatSampleAppTests */ = {
			isa = PBXGroup;
			children = (
				DBF5D76D1CF5BBFB003D5714 /* LoplatSampleAppTests.m */,
				DBF5D76F1CF5BBFB003D5714 /* Info.plist */,
			);
			path = LoplatSampleAppTests;
			sourceTree = "<group>";
		};
		DBF5D7771CF5BBFB003D5714 /* LoplatSampleAppUITests */ = {
			isa = PBXGroup;
			children = (
				DBF5D7781CF5BBFB003D5714 /* LoplatSampleAppUITests.m */,
				DBF5D77A1CF5BBFB003D5714 /* Info.plist */,
			);
			path = LoplatSampleAppUITests;
			sourceTree = "<group>";
		};
/* End PBXGroup section */

/* Begin PBXNativeTarget section */
		DBF5D74F1CF5BBFB003D5714 /* LoplatSampleApp */ = {
			isa = PBXNativeTarget;
			buildConfigurationList = DBF5D77D1CF5BBFB003D5714 /* Build configuration list for PBXNativeTarget "LoplatSampleApp" */;
			buildPhases = (
				DBF5D74C1CF5BBFB003D5714 /* Sources */,
				DBF5D74D1CF5BBFB003D5714 /* Frameworks */,
				DBF5D74E1CF5BBFB003D5714 /* Resources */,
				7FD904E51CFEF84B00C7ECBC /* Embed Frameworks */,
				69E6FFC31EE523D800D33B7E /* ShellScript */,
			);
			buildRules = (
			);
			dependencies = (
			);
			name = LoplatSampleApp;
			productName = LoplatSampleApp;
			productReference = DBF5D7501CF5BBFB003D5714 /* LoplatSampleApp.app */;
			productType = "com.apple.product-type.application";
		};
		DBF5D7681CF5BBFB003D5714 /* LoplatSampleAppTests */ = {
			isa = PBXNativeTarget;
			buildConfigurationList = DBF5D7801CF5BBFB003D5714 /* Build configuration list for PBXNativeTarget "LoplatSampleAppTests" */;
			buildPhases = (
				DBF5D7651CF5BBFB003D5714 /* Sources */,
				DBF5D7661CF5BBFB003D5714 /* Frameworks */,
				DBF5D7671CF5BBFB003D5714 /* Resources */,
			);
			buildRules = (
			);
			dependencies = (
				DBF5D76B1CF5BBFB003D5714 /* PBXTargetDependency */,
			);
			name = LoplatSampleAppTests;
			productName = LoplatSampleAppTests;
			productReference = DBF5D7691CF5BBFB003D5714 /* LoplatSampleAppTests.xctest */;
			productType = "com.apple.product-type.bundle.unit-test";
		};
		DBF5D7731CF5BBFB003D5714 /* LoplatSampleAppUITests */ = {
			isa = PBXNativeTarget;
			buildConfigurationList = DBF5D7831CF5BBFB003D5714 /* Build configuration list for PBXNativeTarget "LoplatSampleAppUITests" */;
			buildPhases = (
				DBF5D7701CF5BBFB003D5714 /* Sources */,
				DBF5D7711CF5BBFB003D5714 /* Frameworks */,
				DBF5D7721CF5BBFB003D5714 /* Resources */,
			);
			buildRules = (
			);
			dependencies = (
				DBF5D7761CF5BBFB003D5714 /* PBXTargetDependency */,
			);
			name = LoplatSampleAppUITests;
			productName = LoplatSampleAppUITests;
			productReference = DBF5D7741CF5BBFB003D5714 /* LoplatSampleAppUITests.xctest */;
			productType = "com.apple.product-type.bundle.ui-testing";
		};
/* End PBXNativeTarget section */

/* Begin PBXProject section */
		DBF5D7481CF5BBFB003D5714 /* Project object */ = {
			isa = PBXProject;
			attributes = {
				LastUpgradeCheck = 0720;
				ORGANIZATIONNAME = "HANDSOME COMPANY";
				TargetAttributes = {
					DBF5D74F1CF5BBFB003D5714 = {
						CreatedOnToolsVersion = 7.2;
						DevelopmentTeam = M8QW9959L5;
						SystemCapabilities = {
							com.apple.BackgroundModes = {
								enabled = 1;
							};
						};
					};
					DBF5D7681CF5BBFB003D5714 = {
						CreatedOnToolsVersion = 7.2;
						TestTargetID = DBF5D74F1CF5BBFB003D5714;
					};
					DBF5D7731CF5BBFB003D5714 = {
						CreatedOnToolsVersion = 7.2;
						TestTargetID = DBF5D74F1CF5BBFB003D5714;
					};
				};
			};
			buildConfigurationList = DBF5D74B1CF5BBFB003D5714 /* Build configuration list for PBXProject "LoplatSampleApp" */;
			compatibilityVersion = "Xcode 3.2";
			developmentRegion = English;
			hasScannedForEncodings = 0;
			knownRegions = (
				en,
				Base,
			);
			mainGroup = DBF5D7471CF5BBFB003D5714;
			productRefGroup = DBF5D7511CF5BBFB003D5714 /* Products */;
			projectDirPath = "";
			projectRoot = "";
			targets = (
				DBF5D74F1CF5BBFB003D5714 /* LoplatSampleApp */,
				DBF5D7681CF5BBFB003D5714 /* LoplatSampleAppTests */,
				DBF5D7731CF5BBFB003D5714 /* LoplatSampleAppUITests */,
			);
		};
/* End PBXProject section */

/* Begin PBXResourcesBuildPhase section */
		DBF5D74E1CF5BBFB003D5714 /* Resources */ = {
			isa = PBXResourcesBuildPhase;
			buildActionMask = 2147483647;
			files = (
				DBF5D7631CF5BBFB003D5714 /* LaunchScreen.storyboard in Resources */,
				DBF5D7601CF5BBFB003D5714 /* Assets.xcassets in Resources */,
				DBF5D75E1CF5BBFB003D5714 /* Main.storyboard in Resources */,
			);
			runOnlyForDeploymentPostprocessing = 0;
		};
		DBF5D7671CF5BBFB003D5714 /* Resources */ = {
			isa = PBXResourcesBuildPhase;
			buildActionMask = 2147483647;
			files = (
			);
			runOnlyForDeploymentPostprocessing = 0;
		};
		DBF5D7721CF5BBFB003D5714 /* Resources */ = {
			isa = PBXResourcesBuildPhase;
			buildActionMask = 2147483647;
			files = (
			);
			runOnlyForDeploymentPostprocessing = 0;
		};
/* End PBXResourcesBuildPhase section */

/* Begin PBXShellScriptBuildPhase section */
		69E6FFC31EE523D800D33B7E /* ShellScript */ = {
			isa = PBXShellScriptBuildPhase;
			buildActionMask = 2147483647;
			files = (
			);
			inputPaths = (
			);
			outputPaths = (
			);
			runOnlyForDeploymentPostprocessing = 0;
			shellPath = /bin/sh;
			shellScript = "bash \"${BUILT_PRODUCTS_DIR}/${FRAMEWORKS_FOLDER_PATH}/Realm.framework/strip-frameworks.sh\"";
		};
/* End PBXShellScriptBuildPhase section */

/* Begin PBXSourcesBuildPhase section */
		DBF5D74C1CF5BBFB003D5714 /* Sources */ = {
			isa = PBXSourcesBuildPhase;
			buildActionMask = 2147483647;
			files = (
				DBF5D75B1CF5BBFB003D5714 /* ViewController.m in Sources */,
				DBF5D7581CF5BBFB003D5714 /* AppDelegate.m in Sources */,
				DBF5D7551CF5BBFB003D5714 /* main.m in Sources */,
			);
			runOnlyForDeploymentPostprocessing = 0;
		};
		DBF5D7651CF5BBFB003D5714 /* Sources */ = {
			isa = PBXSourcesBuildPhase;
			buildActionMask = 2147483647;
			files = (
				DBF5D76E1CF5BBFB003D5714 /* LoplatSampleAppTests.m in Sources */,
			);
			runOnlyForDeploymentPostprocessing = 0;
		};
		DBF5D7701CF5BBFB003D5714 /* Sources */ = {
			isa = PBXSourcesBuildPhase;
			buildActionMask = 2147483647;
			files = (
				DBF5D7791CF5BBFB003D5714 /* LoplatSampleAppUITests.m in Sources */,
			);
			runOnlyForDeploymentPostprocessing = 0;
		};
/* End PBXSourcesBuildPhase section */

/* Begin PBXTargetDependency section */
		DBF5D76B1CF5BBFB003D5714 /* PBXTargetDependency */ = {
			isa = PBXTargetDependency;
			target = DBF5D74F1CF5BBFB003D5714 /* LoplatSampleApp */;
			targetProxy = DBF5D76A1CF5BBFB003D5714 /* PBXContainerItemProxy */;
		};
		DBF5D7761CF5BBFB003D5714 /* PBXTargetDependency */ = {
			isa = PBXTargetDependency;
			target = DBF5D74F1CF5BBFB003D5714 /* LoplatSampleApp */;
			targetProxy = DBF5D7751CF5BBFB003D5714 /* PBXContainerItemProxy */;
		};
/* End PBXTargetDependency section */

/* Begin PBXVariantGroup section */
		DBF5D75C1CF5BBFB003D5714 /* Main.storyboard */ = {
			isa = PBXVariantGroup;
			children = (
				DBF5D75D1CF5BBFB003D5714 /* Base */,
			);
			name = Main.storyboard;
			sourceTree = "<group>";
		};
		DBF5D7611CF5BBFB003D5714 /* LaunchScreen.storyboard */ = {
			isa = PBXVariantGroup;
			children = (
				DBF5D7621CF5BBFB003D5714 /* Base */,
			);
			name = LaunchScreen.storyboard;
			sourceTree = "<group>";
		};
/* End PBXVariantGroup section */

/* Begin XCBuildConfiguration section */
		DBF5D77B1CF5BBFB003D5714 /* Debug */ = {
			isa = XCBuildConfiguration;
			buildSettings = {
				ALWAYS_SEARCH_USER_PATHS = NO;
				CLANG_CXX_LANGUAGE_STANDARD = "gnu++0x";
				CLANG_CXX_LIBRARY = "libc++";
				CLANG_ENABLE_MODULES = YES;
				CLANG_ENABLE_OBJC_ARC = YES;
				CLANG_WARN_BOOL_CONVERSION = YES;
				CLANG_WARN_CONSTANT_CONVERSION = YES;
				CLANG_WARN_DIRECT_OBJC_ISA_USAGE = YES_ERROR;
				CLANG_WARN_EMPTY_BODY = YES;
				CLANG_WARN_ENUM_CONVERSION = YES;
				CLANG_WARN_INT_CONVERSION = YES;
				CLANG_WARN_OBJC_ROOT_CLASS = YES_ERROR;
				CLANG_WARN_UNREACHABLE_CODE = YES;
				CLANG_WARN__DUPLICATE_METHOD_MATCH = YES;
				"CODE_SIGN_IDENTITY[sdk=iphoneos*]" = "iPhone Developer";
				COPY_PHASE_STRIP = NO;
				DEBUG_INFORMATION_FORMAT = dwarf;
				ENABLE_STRICT_OBJC_MSGSEND = YES;
				ENABLE_TESTABILITY = YES;
				GCC_C_LANGUAGE_STANDARD = gnu99;
				GCC_DYNAMIC_NO_PIC = NO;
				GCC_NO_COMMON_BLOCKS = YES;
				GCC_OPTIMIZATION_LEVEL = 0;
				GCC_PREPROCESSOR_DEFINITIONS = (
					"DEBUG=1",
					"$(inherited)",
				);
				GCC_WARN_64_TO_32_BIT_CONVERSION = YES;
				GCC_WARN_ABOUT_RETURN_TYPE = YES_ERROR;
				GCC_WARN_UNDECLARED_SELECTOR = YES;
				GCC_WARN_UNINITIALIZED_AUTOS = YES_AGGRESSIVE;
				GCC_WARN_UNUSED_FUNCTION = YES;
				GCC_WARN_UNUSED_VARIABLE = YES;
				IPHONEOS_DEPLOYMENT_TARGET = 9.2;
				MTL_ENABLE_DEBUG_INFO = YES;
				ONLY_ACTIVE_ARCH = YES;
				SDKROOT = iphoneos;
			};
			name = Debug;
		};
		DBF5D77C1CF5BBFB003D5714 /* Release */ = {
			isa = XCBuildConfiguration;
			buildSettings = {
				ALWAYS_SEARCH_USER_PATHS = NO;
				CLANG_CXX_LANGUAGE_STANDARD = "gnu++0x";
				CLANG_CXX_LIBRARY = "libc++";
				CLANG_ENABLE_MODULES = YES;
				CLANG_ENABLE_OBJC_ARC = YES;
				CLANG_WARN_BOOL_CONVERSION = YES;
				CLANG_WARN_CONSTANT_CONVERSION = YES;
				CLANG_WARN_DIRECT_OBJC_ISA_USAGE = YES_ERROR;
				CLANG_WARN_EMPTY_BODY = YES;
				CLANG_WARN_ENUM_CONVERSION = YES;
				CLANG_WARN_INT_CONVERSION = YES;
				CLANG_WARN_OBJC_ROOT_CLASS = YES_ERROR;
				CLANG_WARN_UNREACHABLE_CODE = YES;
				CLANG_WARN__DUPLICATE_METHOD_MATCH = YES;
				"CODE_SIGN_IDENTITY[sdk=iphoneos*]" = "iPhone Developer";
				COPY_PHASE_STRIP = NO;
				DEBUG_INFORMATION_FORMAT = "dwarf-with-dsym";
				ENABLE_NS_ASSERTIONS = NO;
				ENABLE_STRICT_OBJC_MSGSEND = YES;
				GCC_C_LANGUAGE_STANDARD = gnu99;
				GCC_NO_COMMON_BLOCKS = YES;
				GCC_WARN_64_TO_32_BIT_CONVERSION = YES;
				GCC_WARN_ABOUT_RETURN_TYPE = YES_ERROR;
				GCC_WARN_UNDECLARED_SELECTOR = YES;
				GCC_WARN_UNINITIALIZED_AUTOS = YES_AGGRESSIVE;
				GCC_WARN_UNUSED_FUNCTION = YES;
				GCC_WARN_UNUSED_VARIABLE = YES;
				IPHONEOS_DEPLOYMENT_TARGET = 9.2;
				MTL_ENABLE_DEBUG_INFO = NO;
				SDKROOT = iphoneos;
				VALIDATE_PRODUCT = YES;
			};
			name = Release;
		};
		DBF5D77E1CF5BBFB003D5714 /* Debug */ = {
			isa = XCBuildConfiguration;
			buildSettings = {
				ASSETCATALOG_COMPILER_APPICON_NAME = AppIcon;
				CODE_SIGN_IDENTITY = "iPhone Developer";
				"CODE_SIGN_IDENTITY[sdk=iphoneos*]" = "iPhone Developer";
				DEVELOPMENT_TEAM = M8QW9959L5;
				ENABLE_BITCODE = NO;
				FRAMEWORK_SEARCH_PATHS = (
					"$(inherited)",
					"$(PROJECT_DIR)",
				);
				HEADER_SEARCH_PATHS = "$(PROJECT_DIR)/include";
				INFOPLIST_FILE = LoplatSampleApp/Info.plist;
				IPHONEOS_DEPLOYMENT_TARGET = 10.2;
				LD_RUNPATH_SEARCH_PATHS = "$(inherited) @executable_path/Frameworks";
				LIBRARY_SEARCH_PATHS = (
					"$(inherited)",
					"$(PROJECT_DIR)",
				);
				OTHER_LDFLAGS = "$(inherited)";
				PRODUCT_BUNDLE_IDENTIFIER = com.handsome.loplat.sample.LoplatSampleApp;
				PRODUCT_NAME = "$(TARGET_NAME)";
				PROVISIONING_PROFILE = "";
			};
			name = Debug;
		};
		DBF5D77F1CF5BBFB003D5714 /* Release */ = {
			isa = XCBuildConfiguration;
			buildSettings = {
				ASSETCATALOG_COMPILER_APPICON_NAME = AppIcon;
				CODE_SIGN_IDENTITY = "iPhone Developer";
				"CODE_SIGN_IDENTITY[sdk=iphoneos*]" = "iPhone Developer";
				DEVELOPMENT_TEAM = M8QW9959L5;
				ENABLE_BITCODE = NO;
				FRAMEWORK_SEARCH_PATHS = (
					"$(inherited)",
					"$(PROJECT_DIR)",
				);
				HEADER_SEARCH_PATHS = "$(PROJECT_DIR)/include";
				INFOPLIST_FILE = LoplatSampleApp/Info.plist;
				IPHONEOS_DEPLOYMENT_TARGET = 10.2;
				LD_RUNPATH_SEARCH_PATHS = "$(inherited) @executable_path/Frameworks";
				LIBRARY_SEARCH_PATHS = (
					"$(inherited)",
					"$(PROJECT_DIR)",
				);
				ONLY_ACTIVE_ARCH = NO;
				OTHER_LDFLAGS = "$(inherited)";
				PRODUCT_BUNDLE_IDENTIFIER = com.handsome.loplat.sample.LoplatSampleApp;
				PRODUCT_NAME = "$(TARGET_NAME)";
				PROVISIONING_PROFILE = "";
			};
			name = Release;
		};
		DBF5D7811CF5BBFB003D5714 /* Debug */ = {
			isa = XCBuildConfiguration;
			buildSettings = {
				BUNDLE_LOADER = "$(TEST_HOST)";
				INFOPLIST_FILE = LoplatSampleAppTests/Info.plist;
				LD_RUNPATH_SEARCH_PATHS = "$(inherited) @executable_path/Frameworks @loader_path/Frameworks";
				PRODUCT_BUNDLE_IDENTIFIER = com.handsome.loplat.sample.LoplatSampleAppTests;
				PRODUCT_NAME = "$(TARGET_NAME)";
				TEST_HOST = "$(BUILT_PRODUCTS_DIR)/LoplatSampleApp.app/LoplatSampleApp";
			};
			name = Debug;
		};
		DBF5D7821CF5BBFB003D5714 /* Release */ = {
			isa = XCBuildConfiguration;
			buildSettings = {
				BUNDLE_LOADER = "$(TEST_HOST)";
				INFOPLIST_FILE = LoplatSampleAppTests/Info.plist;
				LD_RUNPATH_SEARCH_PATHS = "$(inherited) @executable_path/Frameworks @loader_path/Frameworks";
				PRODUCT_BUNDLE_IDENTIFIER = com.handsome.loplat.sample.LoplatSampleAppTests;
				PRODUCT_NAME = "$(TARGET_NAME)";
				TEST_HOST = "$(BUILT_PRODUCTS_DIR)/LoplatSampleApp.app/LoplatSampleApp";
			};
			name = Release;
		};
		DBF5D7841CF5BBFB003D5714 /* Debug */ = {
			isa = XCBuildConfiguration;
			buildSettings = {
				INFOPLIST_FILE = LoplatSampleAppUITests/Info.plist;
				LD_RUNPATH_SEARCH_PATHS = "$(inherited) @executable_path/Frameworks @loader_path/Frameworks";
				PRODUCT_BUNDLE_IDENTIFIER = com.handsome.loplat.sample.LoplatSampleAppUITests;
				PRODUCT_NAME = "$(TARGET_NAME)";
				TEST_TARGET_NAME = LoplatSampleApp;
				USES_XCTRUNNER = YES;
			};
			name = Debug;
		};
		DBF5D7851CF5BBFB003D5714 /* Release */ = {
			isa = XCBuildConfiguration;
			buildSettings = {
				INFOPLIST_FILE = LoplatSampleAppUITests/Info.plist;
				LD_RUNPATH_SEARCH_PATHS = "$(inherited) @executable_path/Frameworks @loader_path/Frameworks";
				PRODUCT_BUNDLE_IDENTIFIER = com.handsome.loplat.sample.LoplatSampleAppUITests;
				PRODUCT_NAME = "$(TARGET_NAME)";
				TEST_TARGET_NAME = LoplatSampleApp;
				USES_XCTRUNNER = YES;
			};
			name = Release;
		};
/* End XCBuildConfiguration section */

/* Begin XCConfigurationList section */
		DBF5D74B1CF5BBFB003D5714 /* Build configuration list for PBXProject "LoplatSampleApp" */ = {
			isa = XCConfigurationList;
			buildConfigurations = (
				DBF5D77B1CF5BBFB003D5714 /* Debug */,
				DBF5D77C1CF5BBFB003D5714 /* Release */,
			);
			defaultConfigurationIsVisible = 0;
			defaultConfigurationName = Release;
		};
		DBF5D77D1CF5BBFB003D5714 /* Build configuration list for PBXNativeTarget "LoplatSampleApp" */ = {
			isa = XCConfigurationList;
			buildConfigurations = (
				DBF5D77E1CF5BBFB003D5714 /* Debug */,
				DBF5D77F1CF5BBFB003D5714 /* Release */,
			);
			defaultConfigurationIsVisible = 0;
			defaultConfigurationName = Release;
		};
		DBF5D7801CF5BBFB003D5714 /* Build configuration list for PBXNativeTarget "LoplatSampleAppTests" */ = {
			isa = XCConfigurationList;
			buildConfigurations = (
				DBF5D7811CF5BBFB003D5714 /* Debug */,
				DBF5D7821CF5BBFB003D5714 /* Release */,
			);
			defaultConfigurationIsVisible = 0;
			defaultConfigurationName = Release;
		};
		DBF5D7831CF5BBFB003D5714 /* Build configuration list for PBXNativeTarget "LoplatSampleAppUITests" */ = {
			isa = XCConfigurationList;
			buildConfigurations = (
				DBF5D7841CF5BBFB003D5714 /* Debug */,
				DBF5D7851CF5BBFB003D5714 /* Release */,
			);
			defaultConfigurationIsVisible = 0;
			defaultConfigurationName = Release;
		};
/* End XCConfigurationList section */
	};
	rootObject = DBF5D7481CF5BBFB003D5714 /* Project object */;
}
