// !$*UTF8*$!
{
	archiveVersion = 1;
	classes = {
	};
	objectVersion = 46;
	objects = {

/* Begin PBXBuildFile section */
		7F9E66CF1CEF0B7500581BFA /* AppDelegate.swift in Sources */ = {isa = PBXBuildFile; fileRef = 7F9E66CE1CEF0B7500581BFA /* AppDelegate.swift */; };
		7F9E66D11CEF0B7500581BFA /* ViewController.swift in Sources */ = {isa = PBXBuildFile; fileRef = 7F9E66D01CEF0B7500581BFA /* ViewController.swift */; };
		7F9E66D41CEF0B7500581BFA /* Main.storyboard in Resources */ = {isa = PBXBuildFile; fileRef = 7F9E66D21CEF0B7500581BFA /* Main.storyboard */; };
		7F9E66D61CEF0B7500581BFA /* Assets.xcassets in Resources */ = {isa = PBXBuildFile; fileRef = 7F9E66D51CEF0B7500581BFA /* Assets.xcassets */; };
		7F9E66D91CEF0B7500581BFA /* LaunchScreen.storyboard in Resources */ = {isa = PBXBuildFile; fileRef = 7F9E66D71CEF0B7500581BFA /* LaunchScreen.storyboard */; };
		7FB83D6B1D0A919200E971B0 /* LoplatSDK.framework in Frameworks */ = {isa = PBXBuildFile; fileRef = 7FB83D691D0A918500E971B0 /* LoplatSDK.framework */; };
		7FB83D6C1D0A919200E971B0 /* LoplatSDK.framework in Embed Frameworks */ = {isa = PBXBuildFile; fileRef = 7FB83D691D0A918500E971B0 /* LoplatSDK.framework */; settings = {ATTRIBUTES = (CodeSignOnCopy, RemoveHeadersOnCopy, ); }; };
		7FD905311CFF0A3F00C7ECBC /* Realm.framework in Frameworks */ = {isa = PBXBuildFile; fileRef = 7FD9052F1CFF0A3000C7ECBC /* Realm.framework */; };
		7FD905321CFF0A3F00C7ECBC /* Realm.framework in Embed Frameworks */ = {isa = PBXBuildFile; fileRef = 7FD9052F1CFF0A3000C7ECBC /* Realm.framework */; settings = {ATTRIBUTES = (CodeSignOnCopy, RemoveHeadersOnCopy, ); }; };
/* End PBXBuildFile section */

/* Begin PBXCopyFilesBuildPhase section */
		7FD905351CFF0A3F00C7ECBC /* Embed Frameworks */ = {
			isa = PBXCopyFilesBuildPhase;
			buildActionMask = 2147483647;
			dstPath = "";
			dstSubfolderSpec = 10;
			files = (
				7FD905321CFF0A3F00C7ECBC /* Realm.framework in Embed Frameworks */,
				7FB83D6C1D0A919200E971B0 /* LoplatSDK.framework in Embed Frameworks */,
			);
			name = "Embed Frameworks";
			runOnlyForDeploymentPostprocessing = 0;
		};
/* End PBXCopyFilesBuildPhase section */

/* Begin PBXFileReference section */
		7F9E66CB1CEF0B7500581BFA /* LoplatSDKTest-swift.app */ = {isa = PBXFileReference; explicitFileType = wrapper.application; includeInIndex = 0; path = "LoplatSDKTest-swift.app"; sourceTree = BUILT_PRODUCTS_DIR; };
		7F9E66CE1CEF0B7500581BFA /* AppDelegate.swift */ = {isa = PBXFileReference; lastKnownFileType = sourcecode.swift; path = AppDelegate.swift; sourceTree = "<group>"; };
		7F9E66D01CEF0B7500581BFA /* ViewController.swift */ = {isa = PBXFileReference; lastKnownFileType = sourcecode.swift; path = ViewController.swift; sourceTree = "<group>"; };
		7F9E66D31CEF0B7500581BFA /* Base */ = {isa = PBXFileReference; lastKnownFileType = file.storyboard; name = Base; path = Base.lproj/Main.storyboard; sourceTree = "<group>"; };
		7F9E66D51CEF0B7500581BFA /* Assets.xcassets */ = {isa = PBXFileReference; lastKnownFileType = folder.assetcatalog; path = Assets.xcassets; sourceTree = "<group>"; };
		7F9E66D81CEF0B7500581BFA /* Base */ = {isa = PBXFileReference; lastKnownFileType = file.storyboard; name = Base; path = Base.lproj/LaunchScreen.storyboard; sourceTree = "<group>"; };
		7F9E66DA1CEF0B7500581BFA /* Info.plist */ = {isa = PBXFileReference; lastKnownFileType = text.plist.xml; path = Info.plist; sourceTree = "<group>"; };
		7F9E66E51CEF0D3C00581BFA /* LoplatSDKTest-swift-Bridging-Header.h */ = {isa = PBXFileReference; lastKnownFileType = sourcecode.c.h; path = "LoplatSDKTest-swift-Bridging-Header.h"; sourceTree = "<group>"; };
		7FB83D691D0A918500E971B0 /* LoplatSDK.framework */ = {isa = PBXFileReference; lastKnownFileType = wrapper.framework; path = LoplatSDK.framework; sourceTree = "<group>"; };
		7FD9052F1CFF0A3000C7ECBC /* Realm.framework */ = {isa = PBXFileReference; lastKnownFileType = wrapper.framework; path = Realm.framework; sourceTree = "<group>"; };
/* End PBXFileReference section */

/* Begin PBXFrameworksBuildPhase section */
		7F9E66C81CEF0B7500581BFA /* Frameworks */ = {
			isa = PBXFrameworksBuildPhase;
			buildActionMask = 2147483647;
			files = (
				7FD905311CFF0A3F00C7ECBC /* Realm.framework in Frameworks */,
				7FB83D6B1D0A919200E971B0 /* LoplatSDK.framework in Frameworks */,
			);
			runOnlyForDeploymentPostprocessing = 0;
		};
/* End PBXFrameworksBuildPhase section */

/* Begin PBXGroup section */
		7F9E66C21CEF0B7500581BFA = {
			isa = PBXGroup;
			children = (
				7FB83D691D0A918500E971B0 /* LoplatSDK.framework */,
				7FD9052F1CFF0A3000C7ECBC /* Realm.framework */,
				7F9E66CD1CEF0B7500581BFA /* LoplatSDKTest-swift */,
				7F9E66CC1CEF0B7500581BFA /* Products */,
			);
			sourceTree = "<group>";
		};
		7F9E66CC1CEF0B7500581BFA /* Products */ = {
			isa = PBXGroup;
			children = (
				7F9E66CB1CEF0B7500581BFA /* LoplatSDKTest-swift.app */,
			);
			name = Products;
			sourceTree = "<group>";
		};
		7F9E66CD1CEF0B7500581BFA /* LoplatSDKTest-swift */ = {
			isa = PBXGroup;
			children = (
				7F9E66CE1CEF0B7500581BFA /* AppDelegate.swift */,
				7F9E66D01CEF0B7500581BFA /* ViewController.swift */,
				7F9E66D21CEF0B7500581BFA /* Main.storyboard */,
				7F9E66D51CEF0B7500581BFA /* Assets.xcassets */,
				7F9E66D71CEF0B7500581BFA /* LaunchScreen.storyboard */,
				7F9E66DA1CEF0B7500581BFA /* Info.plist */,
				7F9E66E51CEF0D3C00581BFA /* LoplatSDKTest-swift-Bridging-Header.h */,
			);
			path = "LoplatSDKTest-swift";
			sourceTree = "<group>";
		};
/* End PBXGroup section */

/* Begin PBXNativeTarget section */
		7F9E66CA1CEF0B7500581BFA /* LoplatSDKTest-swift */ = {
			isa = PBXNativeTarget;
			buildConfigurationList = 7F9E66DD1CEF0B7500581BFA /* Build configuration list for PBXNativeTarget "LoplatSDKTest-swift" */;
			buildPhases = (
				7F9E66C71CEF0B7500581BFA /* Sources */,
				7F9E66C81CEF0B7500581BFA /* Frameworks */,
				7F9E66C91CEF0B7500581BFA /* Resources */,
				7FD905351CFF0A3F00C7ECBC /* Embed Frameworks */,
			);
			buildRules = (
			);
			dependencies = (
			);
			name = "LoplatSDKTest-swift";
			productName = "LoplatSDKTest-swift";
			productReference = 7F9E66CB1CEF0B7500581BFA /* LoplatSDKTest-swift.app */;
			productType = "com.apple.product-type.application";
		};
/* End PBXNativeTarget section */

/* Begin PBXProject section */
		7F9E66C31CEF0B7500581BFA /* Project object */ = {
			isa = PBXProject;
			attributes = {
				LastSwiftUpdateCheck = 0730;
				LastUpgradeCheck = 0730;
				ORGANIZATIONNAME = hansomecompany;
				TargetAttributes = {
					7F9E66CA1CEF0B7500581BFA = {
						CreatedOnToolsVersion = 7.3;
						SystemCapabilities = {
							com.apple.BackgroundModes = {
								enabled = 1;
							};
						};
					};
				};
			};
			buildConfigurationList = 7F9E66C61CEF0B7500581BFA /* Build configuration list for PBXProject "LoplatSDKTest-swift" */;
			compatibilityVersion = "Xcode 3.2";
			developmentRegion = English;
			hasScannedForEncodings = 0;
			knownRegions = (
				en,
				Base,
			);
			mainGroup = 7F9E66C21CEF0B7500581BFA;
			productRefGroup = 7F9E66CC1CEF0B7500581BFA /* Products */;
			projectDirPath = "";
			projectRoot = "";
			targets = (
				7F9E66CA1CEF0B7500581BFA /* LoplatSDKTest-swift */,
			);
		};
/* End PBXProject section */

/* Begin PBXResourcesBuildPhase section */
		7F9E66C91CEF0B7500581BFA /* Resources */ = {
			isa = PBXResourcesBuildPhase;
			buildActionMask = 2147483647;
			files = (
				7F9E66D91CEF0B7500581BFA /* LaunchScreen.storyboard in Resources */,
				7F9E66D61CEF0B7500581BFA /* Assets.xcassets in Resources */,
				7F9E66D41CEF0B7500581BFA /* Main.storyboard in Resources */,
			);
			runOnlyForDeploymentPostprocessing = 0;
		};
/* End PBXResourcesBuildPhase section */

/* Begin PBXSourcesBuildPhase section */
		7F9E66C71CEF0B7500581BFA /* Sources */ = {
			isa = PBXSourcesBuildPhase;
			buildActionMask = 2147483647;
			files = (
				7F9E66D11CEF0B7500581BFA /* ViewController.swift in Sources */,
				7F9E66CF1CEF0B7500581BFA /* AppDelegate.swift in Sources */,
			);
			runOnlyForDeploymentPostprocessing = 0;
		};
/* End PBXSourcesBuildPhase section */

/* Begin PBXVariantGroup section */
		7F9E66D21CEF0B7500581BFA /* Main.storyboard */ = {
			isa = PBXVariantGroup;
			children = (
				7F9E66D31CEF0B7500581BFA /* Base */,
			);
			name = Main.storyboard;
			sourceTree = "<group>";
		};
		7F9E66D71CEF0B7500581BFA /* LaunchScreen.storyboard */ = {
			isa = PBXVariantGroup;
			children = (
				7F9E66D81CEF0B7500581BFA /* Base */,
			);
			name = LaunchScreen.storyboard;
			sourceTree = "<group>";
		};
/* End PBXVariantGroup section */

/* Begin XCBuildConfiguration section */
		7F9E66DB1CEF0B7500581BFA /* Debug */ = {
			isa = XCBuildConfiguration;
			buildSettings = {
				ALWAYS_SEARCH_USER_PATHS = NO;
				CLANG_ANALYZER_NONNULL = YES;
				CLANG_CXX_LANGUAGE_STANDARD = "gnu++0x";
				CLANG_CXX_LIBRARY = "libc++";
				CLANG_ENABLE_MODULES = YES;
				CLANG_ENABLE_OBJC_ARC = YES;
				CLANG_WARN_BOOL_CONVERSION = YES;
				CLANG_WARN_CONSTANT_CONVERSION = YES;
				CLANG_WARN_DIRECT_OBJC_ISA_USAGE = YES_ERROR;
				CLANG_WARN_EMPTY_BODY = YES;
				CLANG_WARN_ENUM_CONVERSION = YES;
				CLANG_WARN_INT_CONVERSION = YES;
				CLANG_WARN_OBJC_ROOT_CLASS = YES_ERROR;
				CLANG_WARN_UNREACHABLE_CODE = YES;
				CLANG_WARN__DUPLICATE_METHOD_MATCH = YES;
				"CODE_SIGN_IDENTITY[sdk=iphoneos*]" = "iPhone Developer";
				COPY_PHASE_STRIP = NO;
				DEBUG_INFORMATION_FORMAT = dwarf;
				ENABLE_STRICT_OBJC_MSGSEND = YES;
				ENABLE_TESTABILITY = YES;
				GCC_C_LANGUAGE_STANDARD = gnu99;
				GCC_DYNAMIC_NO_PIC = NO;
				GCC_NO_COMMON_BLOCKS = YES;
				GCC_OPTIMIZATION_LEVEL = 0;
				GCC_PREPROCESSOR_DEFINITIONS = (
					"DEBUG=1",
					"$(inherited)",
				);
				GCC_WARN_64_TO_32_BIT_CONVERSION = YES;
				GCC_WARN_ABOUT_RETURN_TYPE = YES_ERROR;
				GCC_WARN_UNDECLARED_SELECTOR = YES;
				GCC_WARN_UNINITIALIZED_AUTOS = YES_AGGRESSIVE;
				GCC_WARN_UNUSED_FUNCTION = YES;
				GCC_WARN_UNUSED_VARIABLE = YES;
				IPHONEOS_DEPLOYMENT_TARGET = 9.3;
				MTL_ENABLE_DEBUG_INFO = YES;
				ONLY_ACTIVE_ARCH = YES;
				SDKROOT = iphoneos;
				SWIFT_OPTIMIZATION_LEVEL = "-Onone";
				TARGETED_DEVICE_FAMILY = "1,2";
			};
			name = Debug;
		};
		7F9E66DC1CEF0B7500581BFA /* Release */ = {
			isa = XCBuildConfiguration;
			buildSettings = {
				ALWAYS_SEARCH_USER_PATHS = NO;
				CLANG_ANALYZER_NONNULL = YES;
				CLANG_CXX_LANGUAGE_STANDARD = "gnu++0x";
				CLANG_CXX_LIBRARY = "libc++";
				CLANG_ENABLE_MODULES = YES;
				CLANG_ENABLE_OBJC_ARC = YES;
				CLANG_WARN_BOOL_CONVERSION = YES;
				CLANG_WARN_CONSTANT_CONVERSION = YES;
				CLANG_WARN_DIRECT_OBJC_ISA_USAGE = YES_ERROR;
				CLANG_WARN_EMPTY_BODY = YES;
				CLANG_WARN_ENUM_CONVERSION = YES;
				CLANG_WARN_INT_CONVERSION = YES;
				CLANG_WARN_OBJC_ROOT_CLASS = YES_ERROR;
				CLANG_WARN_UNREACHABLE_CODE = YES;
				CLANG_WARN__DUPLICATE_METHOD_MATCH = YES;
				"CODE_SIGN_IDENTITY[sdk=iphoneos*]" = "iPhone Developer";
				COPY_PHASE_STRIP = NO;
				DEBUG_INFORMATION_FORMAT = "dwarf-with-dsym";
				ENABLE_NS_ASSERTIONS = NO;
				ENABLE_STRICT_OBJC_MSGSEND = YES;
				GCC_C_LANGUAGE_STANDARD = gnu99;
				GCC_NO_COMMON_BLOCKS = YES;
				GCC_WARN_64_TO_32_BIT_CONVERSION = YES;
				GCC_WARN_ABOUT_RETURN_TYPE = YES_ERROR;
				GCC_WARN_UNDECLARED_SELECTOR = YES;
				GCC_WARN_UNINITIALIZED_AUTOS = YES_AGGRESSIVE;
				GCC_WARN_UNUSED_FUNCTION = YES;
				GCC_WARN_UNUSED_VARIABLE = YES;
				IPHONEOS_DEPLOYMENT_TARGET = 9.3;
				MTL_ENABLE_DEBUG_INFO = NO;
				SDKROOT = iphoneos;
				TARGETED_DEVICE_FAMILY = "1,2";
				VALIDATE_PRODUCT = YES;
			};
			name = Release;
		};
		7F9E66DE1CEF0B7500581BFA /* Debug */ = {
			isa = XCBuildConfiguration;
			buildSettings = {
				ASSETCATALOG_COMPILER_APPICON_NAME = AppIcon;
				CLANG_ENABLE_MODULES = YES;
				FRAMEWORK_SEARCH_PATHS = (
					"$(inherited)",
					"$(PROJECT_DIR)",
				);
				HEADER_SEARCH_PATHS = "$(PROJECT_DIR)/LoplatSDK.framework/include/AppleLocationLib";
				INFOPLIST_FILE = "LoplatSDKTest-swift/Info.plist";
				LD_RUNPATH_SEARCH_PATHS = "$(inherited) @executable_path/Frameworks";
				PRODUCT_BUNDLE_IDENTIFIER = "com.hansomecompany.LoplatSDKTest-swift";
				PRODUCT_NAME = "$(TARGET_NAME)";
				SWIFT_OBJC_BRIDGING_HEADER = "LoplatSDKTest-swift/LoplatSDKTest-swift-Bridging-Header.h";
				SWIFT_OPTIMIZATION_LEVEL = "-Onone";
			};
			name = Debug;
		};
		7F9E66DF1CEF0B7500581BFA /* Release */ = {
			isa = XCBuildConfiguration;
			buildSettings = {
				ASSETCATALOG_COMPILER_APPICON_NAME = AppIcon;
				CLANG_ENABLE_MODULES = YES;
				FRAMEWORK_SEARCH_PATHS = (
					"$(inherited)",
					"$(PROJECT_DIR)",
				);
				HEADER_SEARCH_PATHS = "$(PROJECT_DIR)/LoplatSDK.framework/include/AppleLocationLib";
				INFOPLIST_FILE = "LoplatSDKTest-swift/Info.plist";
				LD_RUNPATH_SEARCH_PATHS = "$(inherited) @executable_path/Frameworks";
				PRODUCT_BUNDLE_IDENTIFIER = "com.hansomecompany.LoplatSDKTest-swift";
				PRODUCT_NAME = "$(TARGET_NAME)";
				SWIFT_OBJC_BRIDGING_HEADER = "LoplatSDKTest-swift/LoplatSDKTest-swift-Bridging-Header.h";
			};
			name = Release;
		};
/* End XCBuildConfiguration section */

/* Begin XCConfigurationList section */
		7F9E66C61CEF0B7500581BFA /* Build configuration list for PBXProject "LoplatSDKTest-swift" */ = {
			isa = XCConfigurationList;
			buildConfigurations = (
				7F9E66DB1CEF0B7500581BFA /* Debug */,
				7F9E66DC1CEF0B7500581BFA /* Release */,
			);
			defaultConfigurationIsVisible = 0;
			defaultConfigurationName = Release;
		};
		7F9E66DD1CEF0B7500581BFA /* Build configuration list for PBXNativeTarget "LoplatSDKTest-swift" */ = {
			isa = XCConfigurationList;
			buildConfigurations = (
				7F9E66DE1CEF0B7500581BFA /* Debug */,
				7F9E66DF1CEF0B7500581BFA /* Release */,
			);
			defaultConfigurationIsVisible = 0;
			defaultConfigurationName = Release;
		};
/* End XCConfigurationList section */
	};
	rootObject = 7F9E66C31CEF0B7500581BFA /* Project object */;
}
